// !$*UTF8*$!
{
	archiveVersion = 1;
	classes = {
	};
	objectVersion = 50;
	objects = {

/* Begin PBXBuildFile section */
		212ED00825DE8DF7006FB33D /* AppDelegate.swift in Sources */ = {isa = PBXBuildFile; fileRef = 212ED00725DE8DF7006FB33D /* AppDelegate.swift */; };
		212ED00A25DE8DF7006FB33D /* SceneDelegate.swift in Sources */ = {isa = PBXBuildFile; fileRef = 212ED00925DE8DF7006FB33D /* SceneDelegate.swift */; };
		212ED00C25DE8DF7006FB33D /* ViewController.swift in Sources */ = {isa = PBXBuildFile; fileRef = 212ED00B25DE8DF7006FB33D /* ViewController.swift */; };
		212ED00F25DE8DF7006FB33D /* Main.storyboard in Resources */ = {isa = PBXBuildFile; fileRef = 212ED00D25DE8DF7006FB33D /* Main.storyboard */; };
		212ED01125DE8DF9006FB33D /* Assets.xcassets in Resources */ = {isa = PBXBuildFile; fileRef = 212ED01025DE8DF9006FB33D /* Assets.xcassets */; };
		212ED01425DE8DF9006FB33D /* LaunchScreen.storyboard in Resources */ = {isa = PBXBuildFile; fileRef = 212ED01225DE8DF9006FB33D /* LaunchScreen.storyboard */; };
/* End PBXBuildFile section */

/* Begin PBXFileReference section */
		212ED00425DE8DF7006FB33D /* Appdojo_Part06.app */ = {isa = PBXFileReference; explicitFileType = wrapper.application; includeInIndex = 0; path = Appdojo_Part06.app; sourceTree = BUILT_PRODUCTS_DIR; };
		212ED00725DE8DF7006FB33D /* AppDelegate.swift */ = {isa = PBXFileReference; lastKnownFileType = sourcecode.swift; path = AppDelegate.swift; sourceTree = "<group>"; };
		212ED00925DE8DF7006FB33D /* SceneDelegate.swift */ = {isa = PBXFileReference; lastKnownFileType = sourcecode.swift; path = SceneDelegate.swift; sourceTree = "<group>"; };
		212ED00B25DE8DF7006FB33D /* ViewController.swift */ = {isa = PBXFileReference; lastKnownFileType = sourcecode.swift; path = ViewController.swift; sourceTree = "<group>"; };
		212ED00E25DE8DF7006FB33D /* Base */ = {isa = PBXFileReference; lastKnownFileType = file.storyboard; name = Base; path = Base.lproj/Main.storyboard; sourceTree = "<group>"; };
		212ED01025DE8DF9006FB33D /* Assets.xcassets */ = {isa = PBXFileReference; lastKnownFileType = folder.assetcatalog; path = Assets.xcassets; sourceTree = "<group>"; };
		212ED01325DE8DF9006FB33D /* Base */ = {isa = PBXFileReference; lastKnownFileType = file.storyboard; name = Base; path = Base.lproj/LaunchScreen.storyboard; sourceTree = "<group>"; };
		212ED01525DE8DF9006FB33D /* Info.plist */ = {isa = PBXFileReference; lastKnownFileType = text.plist.xml; path = Info.plist; sourceTree = "<group>"; };
/* End PBXFileReference section */

/* Begin PBXFrameworksBuildPhase section */
		212ED00125DE8DF7006FB33D /* Frameworks */ = {
			isa = PBXFrameworksBuildPhase;
			buildActionMask = 2147483647;
			files = (
			);
			runOnlyForDeploymentPostprocessing = 0;
		};
/* End PBXFrameworksBuildPhase section */

/* Begin PBXGroup section */
		212ECFFB25DE8DF7006FB33D = {
			isa = PBXGroup;
			children = (
				212ED00625DE8DF7006FB33D /* Appdojo_Part06 */,
				212ED00525DE8DF7006FB33D /* Products */,
			);
			sourceTree = "<group>";
		};
		212ED00525DE8DF7006FB33D /* Products */ = {
			isa = PBXGroup;
			children = (
				212ED00425DE8DF7006FB33D /* Appdojo_Part06.app */,
			);
			name = Products;
			sourceTree = "<group>";
		};
		212ED00625DE8DF7006FB33D /* Appdojo_Part06 */ = {
			isa = PBXGroup;
			children = (
				212ED00725DE8DF7006FB33D /* AppDelegate.swift */,
				212ED00925DE8DF7006FB33D /* SceneDelegate.swift */,
				212ED00B25DE8DF7006FB33D /* ViewController.swift */,
				212ED00D25DE8DF7006FB33D /* Main.storyboard */,
				212ED01025DE8DF9006FB33D /* Assets.xcassets */,
				212ED01225DE8DF9006FB33D /* LaunchScreen.storyboard */,
				212ED01525DE8DF9006FB33D /* Info.plist */,
			);
			path = Appdojo_Part06;
			sourceTree = "<group>";
		};
/* End PBXGroup section */

/* Begin PBXNativeTarget section */
		212ED00325DE8DF7006FB33D /* Appdojo_Part06 */ = {
			isa = PBXNativeTarget;
			buildConfigurationList = 212ED01825DE8DF9006FB33D /* Build configuration list for PBXNativeTarget "Appdojo_Part06" */;
			buildPhases = (
				212ED00025DE8DF7006FB33D /* Sources */,
				212ED00125DE8DF7006FB33D /* Frameworks */,
				212ED00225DE8DF7006FB33D /* Resources */,
				21661CB125E0B04B00A6B5E8 /* ShellScript */,
			);
			buildRules = (
			);
			dependencies = (
			);
			name = Appdojo_Part06;
			productName = Appdojo_Part06;
			productReference = 212ED00425DE8DF7006FB33D /* Appdojo_Part06.app */;
			productType = "com.apple.product-type.application";
		};
/* End PBXNativeTarget section */

/* Begin PBXProject section */
		212ECFFC25DE8DF7006FB33D /* Project object */ = {
			isa = PBXProject;
			attributes = {
				LastSwiftUpdateCheck = 1230;
				LastUpgradeCheck = 1230;
				TargetAttributes = {
					212ED00325DE8DF7006FB33D = {
						CreatedOnToolsVersion = 12.3;
					};
				};
			};
			buildConfigurationList = 212ECFFF25DE8DF7006FB33D /* Build configuration list for PBXProject "Appdojo_Part06" */;
			compatibilityVersion = "Xcode 9.3";
			developmentRegion = en;
			hasScannedForEncodings = 0;
			knownRegions = (
				en,
				Base,
			);
			mainGroup = 212ECFFB25DE8DF7006FB33D;
			productRefGroup = 212ED00525DE8DF7006FB33D /* Products */;
			projectDirPath = "";
			projectRoot = "";
			targets = (
				212ED00325DE8DF7006FB33D /* Appdojo_Part06 */,
			);
		};
/* End PBXProject section */

/* Begin PBXResourcesBuildPhase section */
		212ED00225DE8DF7006FB33D /* Resources */ = {
			isa = PBXResourcesBuildPhase;
			buildActionMask = 2147483647;
			files = (
				212ED01425DE8DF9006FB33D /* LaunchScreen.storyboard in Resources */,
				212ED01125DE8DF9006FB33D /* Assets.xcassets in Resources */,
				212ED00F25DE8DF7006FB33D /* Main.storyboard in Resources */,
			);
			runOnlyForDeploymentPostprocessing = 0;
		};
/* End PBXResourcesBuildPhase section */

/* Begin PBXShellScriptBuildPhase section */
		21661CB125E0B04B00A6B5E8 /* ShellScript */ = {
			isa = PBXShellScriptBuildPhase;
			buildActionMask = 2147483647;
			files = (
			);
			inputFileListPaths = (
			);
			inputPaths = (
			);
			outputFileListPaths = (
			);
			outputPaths = (
			);
			runOnlyForDeploymentPostprocessing = 0;
			shellPath = /bin/sh;
			shellScript = "# Type a script or drag a script file from your workspace to insert its path.\nif which swiftlint >/dev/null; then\n  swiftlint\nelse\n  echo \"SwiftLint does not exist, download from https://github.com/realm/SwiftLint\"\nfi\n";
		};
/* End PBXShellScriptBuildPhase section */

/* Begin PBXSourcesBuildPhase section */
		212ED00025DE8DF7006FB33D /* Sources */ = {
			isa = PBXSourcesBuildPhase;
			buildActionMask = 2147483647;
			files = (
				212ED00C25DE8DF7006FB33D /* ViewController.swift in Sources */,
				212ED00825DE8DF7006FB33D /* AppDelegate.swift in Sources */,
				212ED00A25DE8DF7006FB33D /* SceneDelegate.swift in Sources */,
			);
			runOnlyForDeploymentPostprocessing = 0;
		};
/* End PBXSourcesBuildPhase section */

/* Begin PBXVariantGroup section */
		212ED00D25DE8DF7006FB33D /* Main.storyboard */ = {
			isa = PBXVariantGroup;
			children = (
				212ED00E25DE8DF7006FB33D /* Base */,
			);
			name = Main.storyboard;
			sourceTree = "<group>";
		};
		212ED01225DE8DF9006FB33D /* LaunchScreen.storyboard */ = {
			isa = PBXVariantGroup;
			children = (
				212ED01325DE8DF9006FB33D /* Base */,
			);
			name = LaunchScreen.storyboard;
			sourceTree = "<group>";
		};
/* End PBXVariantGroup section */

/* Begin XCBuildConfiguration section */
		212ED01625DE8DF9006FB33D /* Debug */ = {
			isa = XCBuildConfiguration;
			buildSettings = {
				ALWAYS_SEARCH_USER_PATHS = NO;
				CLANG_ANALYZER_NONNULL = YES;
				CLANG_ANALYZER_NUMBER_OBJECT_CONVERSION = YES_AGGRESSIVE;
				CLANG_CXX_LANGUAGE_STANDARD = "gnu++14";
				CLANG_CXX_LIBRARY = "libc++";
				CLANG_ENABLE_MODULES = YES;
				CLANG_ENABLE_OBJC_ARC = YES;
				CLANG_ENABLE_OBJC_WEAK = YES;
				CLANG_WARN_BLOCK_CAPTURE_AUTORELEASING = YES;
				CLANG_WARN_BOOL_CONVERSION = YES;
				CLANG_WARN_COMMA = YES;
				CLANG_WARN_CONSTANT_CONVERSION = YES;
				CLANG_WARN_DEPRECATED_OBJC_IMPLEMENTATIONS = YES;
				CLANG_WARN_DIRECT_OBJC_ISA_USAGE = YES_ERROR;
				CLANG_WARN_DOCUMENTATION_COMMENTS = YES;
				CLANG_WARN_EMPTY_BODY = YES;
				CLANG_WARN_ENUM_CONVERSION = YES;
				CLANG_WARN_INFINITE_RECURSION = YES;
				CLANG_WARN_INT_CONVERSION = YES;
				CLANG_WARN_NON_LITERAL_NULL_CONVERSION = YES;
				CLANG_WARN_OBJC_IMPLICIT_RETAIN_SELF = YES;
				CLANG_WARN_OBJC_LITERAL_CONVERSION = YES;
				CLANG_WARN_OBJC_ROOT_CLASS = YES_ERROR;
				CLANG_WARN_QUOTED_INCLUDE_IN_FRAMEWORK_HEADER = YES;
				CLANG_WARN_RANGE_LOOP_ANALYSIS = YES;
				CLANG_WARN_STRICT_PROTOTYPES = YES;
				CLANG_WARN_SUSPICIOUS_MOVE = YES;
				CLANG_WARN_UNGUARDED_AVAILABILITY = YES_AGGRESSIVE;
				CLANG_WARN_UNREACHABLE_CODE = YES;
				CLANG_WARN__DUPLICATE_METHOD_MATCH = YES;
				COPY_PHASE_STRIP = NO;
				DEBUG_INFORMATION_FORMAT = dwarf;
				ENABLE_STRICT_OBJC_MSGSEND = YES;
				ENABLE_TESTABILITY = YES;
				GCC_C_LANGUAGE_STANDARD = gnu11;
				GCC_DYNAMIC_NO_PIC = NO;
				GCC_NO_COMMON_BLOCKS = YES;
				GCC_OPTIMIZATION_LEVEL = 0;
				GCC_PREPROCESSOR_DEFINITIONS = (
					"DEBUG=1",
					"$(inherited)",
				);
				GCC_WARN_64_TO_32_BIT_CONVERSION = YES;
				GCC_WARN_ABOUT_RETURN_TYPE = YES_ERROR;
				GCC_WARN_UNDECLARED_SELECTOR = YES;
				GCC_WARN_UNINITIALIZED_AUTOS = YES_AGGRESSIVE;
				GCC_WARN_UNUSED_FUNCTION = YES;
				GCC_WARN_UNUSED_VARIABLE = YES;
				IPHONEOS_DEPLOYMENT_TARGET = 14.3;
				MTL_ENABLE_DEBUG_INFO = INCLUDE_SOURCE;
				MTL_FAST_MATH = YES;
				ONLY_ACTIVE_ARCH = YES;
				SDKROOT = iphoneos;
				SWIFT_ACTIVE_COMPILATION_CONDITIONS = DEBUG;
				SWIFT_OPTIMIZATION_LEVEL = "-Onone";
			};
			name = Debug;
		};
		212ED01725DE8DF9006FB33D /* Release */ = {
			isa = XCBuildConfiguration;
			buildSettings = {
				ALWAYS_SEARCH_USER_PATHS = NO;
				CLANG_ANALYZER_NONNULL = YES;
				CLANG_ANALYZER_NUMBER_OBJECT_CONVERSION = YES_AGGRESSIVE;
				CLANG_CXX_LANGUAGE_STANDARD = "gnu++14";
				CLANG_CXX_LIBRARY = "libc++";
				CLANG_ENABLE_MODULES = YES;
				CLANG_ENABLE_OBJC_ARC = YES;
				CLANG_ENABLE_OBJC_WEAK = YES;
				CLANG_WARN_BLOCK_CAPTURE_AUTORELEASING = YES;
				CLANG_WARN_BOOL_CONVERSION = YES;
				CLANG_WARN_COMMA = YES;
				CLANG_WARN_CONSTANT_CONVERSION = YES;
				CLANG_WARN_DEPRECATED_OBJC_IMPLEMENTATIONS = YES;
				CLANG_WARN_DIRECT_OBJC_ISA_USAGE = YES_ERROR;
				CLANG_WARN_DOCUMENTATION_COMMENTS = YES;
				CLANG_WARN_EMPTY_BODY = YES;
				CLANG_WARN_ENUM_CONVERSION = YES;
				CLANG_WARN_INFINITE_RECURSION = YES;
				CLANG_WARN_INT_CONVERSION = YES;
				CLANG_WARN_NON_LITERAL_NULL_CONVERSION = YES;
				CLANG_WARN_OBJC_IMPLICIT_RETAIN_SELF = YES;
				CLANG_WARN_OBJC_LITERAL_CONVERSION = YES;
				CLANG_WARN_OBJC_ROOT_CLASS = YES_ERROR;
				CLANG_WARN_QUOTED_INCLUDE_IN_FRAMEWORK_HEADER = YES;
				CLANG_WARN_RANGE_LOOP_ANALYSIS = YES;
				CLANG_WARN_STRICT_PROTOTYPES = YES;
				CLANG_WARN_SUSPICIOUS_MOVE = YES;
				CLANG_WARN_UNGUARDED_AVAILABILITY = YES_AGGRESSIVE;
				CLANG_WARN_UNREACHABLE_CODE = YES;
				CLANG_WARN__DUPLICATE_METHOD_MATCH = YES;
				COPY_PHASE_STRIP = NO;
				DEBUG_INFORMATION_FORMAT = "dwarf-with-dsym";
				ENABLE_NS_ASSERTIONS = NO;
				ENABLE_STRICT_OBJC_MSGSEND = YES;
				GCC_C_LANGUAGE_STANDARD = gnu11;
				GCC_NO_COMMON_BLOCKS = YES;
				GCC_WARN_64_TO_32_BIT_CONVERSION = YES;
				GCC_WARN_ABOUT_RETURN_TYPE = YES_ERROR;
				GCC_WARN_UNDECLARED_SELECTOR = YES;
				GCC_WARN_UNINITIALIZED_AUTOS = YES_AGGRESSIVE;
				GCC_WARN_UNUSED_FUNCTION = YES;
				GCC_WARN_UNUSED_VARIABLE = YES;
				IPHONEOS_DEPLOYMENT_TARGET = 14.3;
				MTL_ENABLE_DEBUG_INFO = NO;
				MTL_FAST_MATH = YES;
				SDKROOT = iphoneos;
				SWIFT_COMPILATION_MODE = wholemodule;
				SWIFT_OPTIMIZATION_LEVEL = "-O";
				VALIDATE_PRODUCT = YES;
			};
			name = Release;
		};
		212ED01925DE8DF9006FB33D /* Debug */ = {
			isa = XCBuildConfiguration;
			buildSettings = {
				ASSETCATALOG_COMPILER_APPICON_NAME = AppIcon;
				ASSETCATALOG_COMPILER_GLOBAL_ACCENT_COLOR_NAME = AccentColor;
				CODE_SIGN_STYLE = Automatic;
				DEVELOPMENT_TEAM = KLWE7678P9;
				INFOPLIST_FILE = Appdojo_Part06/Info.plist;
				LD_RUNPATH_SEARCH_PATHS = (
					"$(inherited)",
					"@executable_path/Frameworks",
				);
				PRODUCT_BUNDLE_IDENTIFIER = "com.kosukengo.Appdojo-Part06";
				PRODUCT_NAME = "$(TARGET_NAME)";
				SWIFT_VERSION = 5.0;
				TARGETED_DEVICE_FAMILY = "1,2";
			};
			name = Debug;
		};
		212ED01A25DE8DF9006FB33D /* Release */ = {
			isa = XCBuildConfiguration;
			buildSettings = {
				ASSETCATALOG_COMPILER_APPICON_NAME = AppIcon;
				ASSETCATALOG_COMPILER_GLOBAL_ACCENT_COLOR_NAME = AccentColor;
				CODE_SIGN_STYLE = Automatic;
				DEVELOPMENT_TEAM = KLWE7678P9;
				INFOPLIST_FILE = Appdojo_Part06/Info.plist;
				LD_RUNPATH_SEARCH_PATHS = (
					"$(inherited)",
					"@executable_path/Frameworks",
				);
				PRODUCT_BUNDLE_IDENTIFIER = "com.kosukengo.Appdojo-Part06";
				PRODUCT_NAME = "$(TARGET_NAME)";
				SWIFT_VERSION = 5.0;
				TARGETED_DEVICE_FAMILY = "1,2";
			};
			name = Release;
		};
/* End XCBuildConfiguration section */

/* Begin XCConfigurationList section */
		212ECFFF25DE8DF7006FB33D /* Build configuration list for PBXProject "Appdojo_Part06" */ = {
			isa = XCConfigurationList;
			buildConfigurations = (
				212ED01625DE8DF9006FB33D /* Debug */,
				212ED01725DE8DF9006FB33D /* Release */,
			);
			defaultConfigurationIsVisible = 0;
			defaultConfigurationName = Release;
		};
		212ED01825DE8DF9006FB33D /* Build configuration list for PBXNativeTarget "Appdojo_Part06" */ = {
			isa = XCConfigurationList;
			buildConfigurations = (
				212ED01925DE8DF9006FB33D /* Debug */,
				212ED01A25DE8DF9006FB33D /* Release */,
			);
			defaultConfigurationIsVisible = 0;
			defaultConfigurationName = Release;
		};
/* End XCConfigurationList section */
	};
	rootObject = 212ECFFC25DE8DF7006FB33D /* Project object */;
}
